
Microsoft Visual Studio Solution File, Format Version 12.00
# Visual Studio Version 17
VisualStudioVersion = 17.11.35312.102
MinimumVisualStudioVersion = 10.0.40219.1
Project("{8BC9CEB8-8B4A-11D0-8D11-00A0C91BC942}") = "laba8", "laba8\laba8.vcxproj", "{BC3447F6-A47D-4404-BE59-0031EDEC28A6}"
EndProject
Global
	GlobalSection(SolutionConfigurationPlatforms) = preSolution
		Debug|x64 = Debug|x64
		Debug|x86 = Debug|x86
		Release|x64 = Release|x64
		Release|x86 = Release|x86
	EndGlobalSection
	GlobalSection(ProjectConfigurationPlatforms) = postSolution
		{BC3447F6-A47D-4404-BE59-0031EDEC28A6}.Debug|x64.ActiveCfg = Debug|x64
		{BC3447F6-A47D-4404-BE59-0031EDEC28A6}.Debug|x64.Build.0 = Debug|x64
		{BC3447F6-A47D-4404-BE59-0031EDEC28A6}.Debug|x86.ActiveCfg = Debug|Win32
		{BC3447F6-A47D-4404-BE59-0031EDEC28A6}.Debug|x86.Build.0 = Debug|Win32
		{BC3447F6-A47D-4404-BE59-0031EDEC28A6}.Release|x64.ActiveCfg = Release|x64
		{BC3447F6-A47D-4404-BE59-0031EDEC28A6}.Release|x64.Build.0 = Release|x64
		{BC3447F6-A47D-4404-BE59-0031EDEC28A6}.Release|x86.ActiveCfg = Release|Win32
		{BC3447F6-A47D-4404-BE59-0031EDEC28A6}.Release|x86.Build.0 = Release|Win32
	EndGlobalSection
	GlobalSection(SolutionProperties) = preSolution
		HideSolutionNode = FALSE
	EndGlobalSection
	GlobalSection(ExtensibilityGlobals) = postSolution
		SolutionGuid = {2C5D7F3C-13D4-4423-9C29-2FADF1AD8A3C}
	EndGlobalSection
EndGlobal
