
Microsoft Visual Studio Solution File, Format Version 12.00
# Visual Studio Version 17
VisualStudioVersion = 17.11.35312.102
MinimumVisualStudioVersion = 10.0.40219.1
Project("{8BC9CEB8-8B4A-11D0-8D11-00A0C91BC942}") = "laba 6", "laba 6\laba 6.vcxproj", "{EDF599CE-9DF2-443F-AE0B-D9A54A0041F6}"
EndProject
Global
	GlobalSection(SolutionConfigurationPlatforms) = preSolution
		Debug|x64 = Debug|x64
		Debug|x86 = Debug|x86
		Release|x64 = Release|x64
		Release|x86 = Release|x86
	EndGlobalSection
	GlobalSection(ProjectConfigurationPlatforms) = postSolution
		{EDF599CE-9DF2-443F-AE0B-D9A54A0041F6}.Debug|x64.ActiveCfg = Debug|x64
		{EDF599CE-9DF2-443F-AE0B-D9A54A0041F6}.Debug|x64.Build.0 = Debug|x64
		{EDF599CE-9DF2-443F-AE0B-D9A54A0041F6}.Debug|x86.ActiveCfg = Debug|Win32
		{EDF599CE-9DF2-443F-AE0B-D9A54A0041F6}.Debug|x86.Build.0 = Debug|Win32
		{EDF599CE-9DF2-443F-AE0B-D9A54A0041F6}.Release|x64.ActiveCfg = Release|x64
		{EDF599CE-9DF2-443F-AE0B-D9A54A0041F6}.Release|x64.Build.0 = Release|x64
		{EDF599CE-9DF2-443F-AE0B-D9A54A0041F6}.Release|x86.ActiveCfg = Release|Win32
		{EDF599CE-9DF2-443F-AE0B-D9A54A0041F6}.Release|x86.Build.0 = Release|Win32
	EndGlobalSection
	GlobalSection(SolutionProperties) = preSolution
		HideSolutionNode = FALSE
	EndGlobalSection
	GlobalSection(ExtensibilityGlobals) = postSolution
		SolutionGuid = {6AD5C43F-8D9C-49BC-87B2-610CA43A8C93}
	EndGlobalSection
EndGlobal
